// !$*UTF8*$!
{
	archiveVersion = 1;
	classes = {
	};
	objectVersion = 50;
	objects = {

/* Begin PBXBuildFile section */
		589F7A9021769B7600C08182 /* AppDelegate.swift in Sources */ = {isa = PBXBuildFile; fileRef = 589F7A8F21769B7600C08182 /* AppDelegate.swift */; };
		589F7A9221769B7600C08182 /* Intro.swift in Sources */ = {isa = PBXBuildFile; fileRef = 589F7A9121769B7600C08182 /* Intro.swift */; };
		589F7A9521769B7600C08182 /* Main.storyboard in Resources */ = {isa = PBXBuildFile; fileRef = 589F7A9321769B7600C08182 /* Main.storyboard */; };
		589F7A9A21769B7B00C08182 /* LaunchScreen.storyboard in Resources */ = {isa = PBXBuildFile; fileRef = 589F7A9821769B7B00C08182 /* LaunchScreen.storyboard */; };
		589F7AA82176B65100C08182 /* Imagines.xcassets in Resources */ = {isa = PBXBuildFile; fileRef = 589F7AA72176B65100C08182 /* Imagines.xcassets */; };
		589F7AAA2176DD8C00C08182 /* MainPage.swift in Sources */ = {isa = PBXBuildFile; fileRef = 589F7AA92176DD8C00C08182 /* MainPage.swift */; };
		589F7AAE2176EC9200C08182 /* Podfile in Resources */ = {isa = PBXBuildFile; fileRef = 589F7AAD2176EC9200C08182 /* Podfile */; };
		589F7AB02176F3AB00C08182 /* Map.swift in Sources */ = {isa = PBXBuildFile; fileRef = 589F7AAF2176F3AB00C08182 /* Map.swift */; };
		C26F5C75FA143605922A9E06 /* libPods-VictoriaSApp.a in Frameworks */ = {isa = PBXBuildFile; fileRef = C81660AB2CF5884161D45C0B /* libPods-VictoriaSApp.a */; };
/* End PBXBuildFile section */

/* Begin PBXFileReference section */
		56ECF1F9DA7F38E4DC707728 /* Pods-VictoriaSApp.debug.xcconfig */ = {isa = PBXFileReference; includeInIndex = 1; lastKnownFileType = text.xcconfig; name = "Pods-VictoriaSApp.debug.xcconfig"; path = "Pods/Target Support Files/Pods-VictoriaSApp/Pods-VictoriaSApp.debug.xcconfig"; sourceTree = "<group>"; };
		589F7A8C21769B7600C08182 /* VictoriaSApp.app */ = {isa = PBXFileReference; explicitFileType = wrapper.application; includeInIndex = 0; path = VictoriaSApp.app; sourceTree = BUILT_PRODUCTS_DIR; };
		589F7A8F21769B7600C08182 /* AppDelegate.swift */ = {isa = PBXFileReference; lastKnownFileType = sourcecode.swift; path = AppDelegate.swift; sourceTree = "<group>"; };
		589F7A9121769B7600C08182 /* Intro.swift */ = {isa = PBXFileReference; lastKnownFileType = sourcecode.swift; path = Intro.swift; sourceTree = "<group>"; };
		589F7A9421769B7600C08182 /* Base */ = {isa = PBXFileReference; lastKnownFileType = file.storyboard; name = Base; path = Base.lproj/Main.storyboard; sourceTree = "<group>"; };
		589F7A9921769B7B00C08182 /* Base */ = {isa = PBXFileReference; lastKnownFileType = file.storyboard; name = Base; path = Base.lproj/LaunchScreen.storyboard; sourceTree = "<group>"; };
		589F7A9B21769B7B00C08182 /* Info.plist */ = {isa = PBXFileReference; lastKnownFileType = text.plist.xml; path = Info.plist; sourceTree = "<group>"; };
		589F7AA72176B65100C08182 /* Imagines.xcassets */ = {isa = PBXFileReference; lastKnownFileType = folder.assetcatalog; path = Imagines.xcassets; sourceTree = "<group>"; };
		589F7AA92176DD8C00C08182 /* MainPage.swift */ = {isa = PBXFileReference; lastKnownFileType = sourcecode.swift; path = MainPage.swift; sourceTree = "<group>"; };
		589F7AAD2176EC9200C08182 /* Podfile */ = {isa = PBXFileReference; lastKnownFileType = text; path = Podfile; sourceTree = "<group>"; xcLanguageSpecificationIdentifier = xcode.lang.ruby; };
		589F7AAF2176F3AB00C08182 /* Map.swift */ = {isa = PBXFileReference; lastKnownFileType = sourcecode.swift; path = Map.swift; sourceTree = "<group>"; };
		9A08B8CFD00CF2587E1864E1 /* Pods-VictoriaSApp.release.xcconfig */ = {isa = PBXFileReference; includeInIndex = 1; lastKnownFileType = text.xcconfig; name = "Pods-VictoriaSApp.release.xcconfig"; path = "Pods/Target Support Files/Pods-VictoriaSApp/Pods-VictoriaSApp.release.xcconfig"; sourceTree = "<group>"; };
		C81660AB2CF5884161D45C0B /* libPods-VictoriaSApp.a */ = {isa = PBXFileReference; explicitFileType = archive.ar; includeInIndex = 0; path = "libPods-VictoriaSApp.a"; sourceTree = BUILT_PRODUCTS_DIR; };
/* End PBXFileReference section */

/* Begin PBXFrameworksBuildPhase section */
		589F7A8921769B7600C08182 /* Frameworks */ = {
			isa = PBXFrameworksBuildPhase;
			buildActionMask = 2147483647;
			files = (
				C26F5C75FA143605922A9E06 /* libPods-VictoriaSApp.a in Frameworks */,
			);
			runOnlyForDeploymentPostprocessing = 0;
		};
/* End PBXFrameworksBuildPhase section */

/* Begin PBXGroup section */
		249D4F186D65D13FFEDB986A /* Frameworks */ = {
			isa = PBXGroup;
			children = (
				C81660AB2CF5884161D45C0B /* libPods-VictoriaSApp.a */,
			);
			name = Frameworks;
			sourceTree = "<group>";
		};
		589F7A8321769B7600C08182 = {
			isa = PBXGroup;
			children = (
				589F7AAD2176EC9200C08182 /* Podfile */,
				589F7A8E21769B7600C08182 /* VictoriaSApp */,
				589F7A8D21769B7600C08182 /* Products */,
				E8460AD7599763DA1887957D /* Pods */,
				249D4F186D65D13FFEDB986A /* Frameworks */,
			);
			sourceTree = "<group>";
		};
		589F7A8D21769B7600C08182 /* Products */ = {
			isa = PBXGroup;
			children = (
				589F7A8C21769B7600C08182 /* VictoriaSApp.app */,
			);
			name = Products;
			sourceTree = "<group>";
		};
		589F7A8E21769B7600C08182 /* VictoriaSApp */ = {
			isa = PBXGroup;
			children = (
				589F7A8F21769B7600C08182 /* AppDelegate.swift */,
				589F7A9121769B7600C08182 /* Intro.swift */,
				589F7AAF2176F3AB00C08182 /* Map.swift */,
				589F7AA92176DD8C00C08182 /* MainPage.swift */,
				589F7A9321769B7600C08182 /* Main.storyboard */,
				589F7A9821769B7B00C08182 /* LaunchScreen.storyboard */,
				589F7A9B21769B7B00C08182 /* Info.plist */,
				589F7AA72176B65100C08182 /* Imagines.xcassets */,
			);
			path = VictoriaSApp;
			sourceTree = "<group>";
		};
		E8460AD7599763DA1887957D /* Pods */ = {
			isa = PBXGroup;
			children = (
				56ECF1F9DA7F38E4DC707728 /* Pods-VictoriaSApp.debug.xcconfig */,
				9A08B8CFD00CF2587E1864E1 /* Pods-VictoriaSApp.release.xcconfig */,
			);
			name = Pods;
			sourceTree = "<group>";
		};
/* End PBXGroup section */

/* Begin PBXNativeTarget section */
		589F7A8B21769B7600C08182 /* VictoriaSApp */ = {
			isa = PBXNativeTarget;
			buildConfigurationList = 589F7A9E21769B7B00C08182 /* Build configuration list for PBXNativeTarget "VictoriaSApp" */;
			buildPhases = (
				E923D78BCFD86EB3AD7B6FF1 /* [CP] Check Pods Manifest.lock */,
				589F7A8821769B7600C08182 /* Sources */,
				589F7A8921769B7600C08182 /* Frameworks */,
				589F7A8A21769B7600C08182 /* Resources */,
				A95678B903A1079CBE0A8C65 /* [CP] Copy Pods Resources */,
			);
			buildRules = (
			);
			dependencies = (
			);
			name = VictoriaSApp;
			productName = VictoriaSApp;
			productReference = 589F7A8C21769B7600C08182 /* VictoriaSApp.app */;
			productType = "com.apple.product-type.application";
		};
/* End PBXNativeTarget section */

/* Begin PBXProject section */
		589F7A8421769B7600C08182 /* Project object */ = {
			isa = PBXProject;
			attributes = {
				LastSwiftUpdateCheck = 1000;
				LastUpgradeCheck = 1000;
				ORGANIZATIONNAME = "Victoria Juan";
				TargetAttributes = {
					589F7A8B21769B7600C08182 = {
						CreatedOnToolsVersion = 10.0;
					};
				};
			};
			buildConfigurationList = 589F7A8721769B7600C08182 /* Build configuration list for PBXProject "VictoriaSApp" */;
			compatibilityVersion = "Xcode 9.3";
			developmentRegion = en;
			hasScannedForEncodings = 0;
			knownRegions = (
				en,
				Base,
			);
			mainGroup = 589F7A8321769B7600C08182;
			productRefGroup = 589F7A8D21769B7600C08182 /* Products */;
			projectDirPath = "";
			projectRoot = "";
			targets = (
				589F7A8B21769B7600C08182 /* VictoriaSApp */,
			);
		};
/* End PBXProject section */

/* Begin PBXResourcesBuildPhase section */
		589F7A8A21769B7600C08182 /* Resources */ = {
			isa = PBXResourcesBuildPhase;
			buildActionMask = 2147483647;
			files = (
				589F7A9A21769B7B00C08182 /* LaunchScreen.storyboard in Resources */,
				589F7AA82176B65100C08182 /* Imagines.xcassets in Resources */,
				589F7AAE2176EC9200C08182 /* Podfile in Resources */,
				589F7A9521769B7600C08182 /* Main.storyboard in Resources */,
			);
			runOnlyForDeploymentPostprocessing = 0;
		};
/* End PBXResourcesBuildPhase section */

/* Begin PBXShellScriptBuildPhase section */
		A95678B903A1079CBE0A8C65 /* [CP] Copy Pods Resources */ = {
			isa = PBXShellScriptBuildPhase;
			buildActionMask = 2147483647;
			files = (
			);
			inputFileListPaths = (
			);
			inputPaths = (
				"${SRCROOT}/Pods/Target Support Files/Pods-VictoriaSApp/Pods-VictoriaSApp-resources.sh",
				"${PODS_ROOT}/GoogleMaps/Maps/Frameworks/GoogleMaps.framework/Versions/A/Resources/GoogleMaps.bundle",
				"${PODS_ROOT}/GooglePlaces/Frameworks/GooglePlaces.framework/Versions/A/Resources/GooglePlaces.bundle",
			);
			name = "[CP] Copy Pods Resources";
			outputFileListPaths = (
			);
			outputPaths = (
				"${TARGET_BUILD_DIR}/${UNLOCALIZED_RESOURCES_FOLDER_PATH}/GoogleMaps.bundle",
				"${TARGET_BUILD_DIR}/${UNLOCALIZED_RESOURCES_FOLDER_PATH}/GooglePlaces.bundle",
			);
			runOnlyForDeploymentPostprocessing = 0;
			shellPath = /bin/sh;
			shellScript = "\"${SRCROOT}/Pods/Target Support Files/Pods-VictoriaSApp/Pods-VictoriaSApp-resources.sh\"\n";
			showEnvVarsInLog = 0;
		};
		E923D78BCFD86EB3AD7B6FF1 /* [CP] Check Pods Manifest.lock */ = {
			isa = PBXShellScriptBuildPhase;
			buildActionMask = 2147483647;
			files = (
			);
			inputFileListPaths = (
			);
			inputPaths = (
				"${PODS_PODFILE_DIR_PATH}/Podfile.lock",
				"${PODS_ROOT}/Manifest.lock",
			);
			name = "[CP] Check Pods Manifest.lock";
			outputFileListPaths = (
			);
			outputPaths = (
				"$(DERIVED_FILE_DIR)/Pods-VictoriaSApp-checkManifestLockResult.txt",
			);
			runOnlyForDeploymentPostprocessing = 0;
			shellPath = /bin/sh;
			shellScript = "diff \"${PODS_PODFILE_DIR_PATH}/Podfile.lock\" \"${PODS_ROOT}/Manifest.lock\" > /dev/null\nif [ $? != 0 ] ; then\n    # print error to STDERR\n    echo \"error: The sandbox is not in sync with the Podfile.lock. Run 'pod install' or update your CocoaPods installation.\" >&2\n    exit 1\nfi\n# This output is used by Xcode 'outputs' to avoid re-running this script phase.\necho \"SUCCESS\" > \"${SCRIPT_OUTPUT_FILE_0}\"\n";
			showEnvVarsInLog = 0;
		};
/* End PBXShellScriptBuildPhase section */

/* Begin PBXSourcesBuildPhase section */
		589F7A8821769B7600C08182 /* Sources */ = {
			isa = PBXSourcesBuildPhase;
			buildActionMask = 2147483647;
			files = (
				589F7A9221769B7600C08182 /* Intro.swift in Sources */,
				589F7A9021769B7600C08182 /* AppDelegate.swift in Sources */,
				589F7AB02176F3AB00C08182 /* Map.swift in Sources */,
				589F7AAA2176DD8C00C08182 /* MainPage.swift in Sources */,
			);
			runOnlyForDeploymentPostprocessing = 0;
		};
/* End PBXSourcesBuildPhase section */

/* Begin PBXVariantGroup section */
		589F7A9321769B7600C08182 /* Main.storyboard */ = {
			isa = PBXVariantGroup;
			children = (
				589F7A9421769B7600C08182 /* Base */,
			);
			name = Main.storyboard;
			sourceTree = "<group>";
		};
		589F7A9821769B7B00C08182 /* LaunchScreen.storyboard */ = {
			isa = PBXVariantGroup;
			children = (
				589F7A9921769B7B00C08182 /* Base */,
			);
			name = LaunchScreen.storyboard;
			sourceTree = "<group>";
		};
/* End PBXVariantGroup section */

/* Begin XCBuildConfiguration section */
		589F7A9C21769B7B00C08182 /* Debug */ = {
			isa = XCBuildConfiguration;
			buildSettings = {
				ALWAYS_SEARCH_USER_PATHS = NO;
				CLANG_ANALYZER_NONNULL = YES;
				CLANG_ANALYZER_NUMBER_OBJECT_CONVERSION = YES_AGGRESSIVE;
				CLANG_CXX_LANGUAGE_STANDARD = "gnu++14";
				CLANG_CXX_LIBRARY = "libc++";
				CLANG_ENABLE_MODULES = YES;
				CLANG_ENABLE_OBJC_ARC = YES;
				CLANG_ENABLE_OBJC_WEAK = YES;
				CLANG_WARN_BLOCK_CAPTURE_AUTORELEASING = YES;
				CLANG_WARN_BOOL_CONVERSION = YES;
				CLANG_WARN_COMMA = YES;
				CLANG_WARN_CONSTANT_CONVERSION = YES;
				CLANG_WARN_DEPRECATED_OBJC_IMPLEMENTATIONS = YES;
				CLANG_WARN_DIRECT_OBJC_ISA_USAGE = YES_ERROR;
				CLANG_WARN_DOCUMENTATION_COMMENTS = YES;
				CLANG_WARN_EMPTY_BODY = YES;
				CLANG_WARN_ENUM_CONVERSION = YES;
				CLANG_WARN_INFINITE_RECURSION = YES;
				CLANG_WARN_INT_CONVERSION = YES;
				CLANG_WARN_NON_LITERAL_NULL_CONVERSION = YES;
				CLANG_WARN_OBJC_IMPLICIT_RETAIN_SELF = YES;
				CLANG_WARN_OBJC_LITERAL_CONVERSION = YES;
				CLANG_WARN_OBJC_ROOT_CLASS = YES_ERROR;
				CLANG_WARN_RANGE_LOOP_ANALYSIS = YES;
				CLANG_WARN_STRICT_PROTOTYPES = YES;
				CLANG_WARN_SUSPICIOUS_MOVE = YES;
				CLANG_WARN_UNGUARDED_AVAILABILITY = YES_AGGRESSIVE;
				CLANG_WARN_UNREACHABLE_CODE = YES;
				CLANG_WARN__DUPLICATE_METHOD_MATCH = YES;
				CODE_SIGN_IDENTITY = "iPhone Developer";
				COPY_PHASE_STRIP = NO;
				DEBUG_INFORMATION_FORMAT = dwarf;
				ENABLE_STRICT_OBJC_MSGSEND = YES;
				ENABLE_TESTABILITY = YES;
				GCC_C_LANGUAGE_STANDARD = gnu11;
				GCC_DYNAMIC_NO_PIC = NO;
				GCC_NO_COMMON_BLOCKS = YES;
				GCC_OPTIMIZATION_LEVEL = 0;
				GCC_PREPROCESSOR_DEFINITIONS = (
					"DEBUG=1",
					"$(inherited)",
				);
				GCC_WARN_64_TO_32_BIT_CONVERSION = YES;
				GCC_WARN_ABOUT_RETURN_TYPE = YES_ERROR;
				GCC_WARN_UNDECLARED_SELECTOR = YES;
				GCC_WARN_UNINITIALIZED_AUTOS = YES_AGGRESSIVE;
				GCC_WARN_UNUSED_FUNCTION = YES;
				GCC_WARN_UNUSED_VARIABLE = YES;
				IPHONEOS_DEPLOYMENT_TARGET = 12.0;
				MTL_ENABLE_DEBUG_INFO = INCLUDE_SOURCE;
				MTL_FAST_MATH = YES;
				ONLY_ACTIVE_ARCH = YES;
				SDKROOT = iphoneos;
				SWIFT_ACTIVE_COMPILATION_CONDITIONS = DEBUG;
				SWIFT_OPTIMIZATION_LEVEL = "-Onone";
			};
			name = Debug;
		};
		589F7A9D21769B7B00C08182 /* Release */ = {
			isa = XCBuildConfiguration;
			buildSettings = {
				ALWAYS_SEARCH_USER_PATHS = NO;
				CLANG_ANALYZER_NONNULL = YES;
				CLANG_ANALYZER_NUMBER_OBJECT_CONVERSION = YES_AGGRESSIVE;
				CLANG_CXX_LANGUAGE_STANDARD = "gnu++14";
				CLANG_CXX_LIBRARY = "libc++";
				CLANG_ENABLE_MODULES = YES;
				CLANG_ENABLE_OBJC_ARC = YES;
				CLANG_ENABLE_OBJC_WEAK = YES;
				CLANG_WARN_BLOCK_CAPTURE_AUTORELEASING = YES;
				CLANG_WARN_BOOL_CONVERSION = YES;
				CLANG_WARN_COMMA = YES;
				CLANG_WARN_CONSTANT_CONVERSION = YES;
				CLANG_WARN_DEPRECATED_OBJC_IMPLEMENTATIONS = YES;
				CLANG_WARN_DIRECT_OBJC_ISA_USAGE = YES_ERROR;
				CLANG_WARN_DOCUMENTATION_COMMENTS = YES;
				CLANG_WARN_EMPTY_BODY = YES;
				CLANG_WARN_ENUM_CONVERSION = YES;
				CLANG_WARN_INFINITE_RECURSION = YES;
				CLANG_WARN_INT_CONVERSION = YES;
				CLANG_WARN_NON_LITERAL_NULL_CONVERSION = YES;
				CLANG_WARN_OBJC_IMPLICIT_RETAIN_SELF = YES;
				CLANG_WARN_OBJC_LITERAL_CONVERSION = YES;
				CLANG_WARN_OBJC_ROOT_CLASS = YES_ERROR;
				CLANG_WARN_RANGE_LOOP_ANALYSIS = YES;
				CLANG_WARN_STRICT_PROTOTYPES = YES;
				CLANG_WARN_SUSPICIOUS_MOVE = YES;
				CLANG_WARN_UNGUARDED_AVAILABILITY = YES_AGGRESSIVE;
				CLANG_WARN_UNREACHABLE_CODE = YES;
				CLANG_WARN__DUPLICATE_METHOD_MATCH = YES;
				CODE_SIGN_IDENTITY = "iPhone Developer";
				COPY_PHASE_STRIP = NO;
				DEBUG_INFORMATION_FORMAT = "dwarf-with-dsym";
				ENABLE_NS_ASSERTIONS = NO;
				ENABLE_STRICT_OBJC_MSGSEND = YES;
				GCC_C_LANGUAGE_STANDARD = gnu11;
				GCC_NO_COMMON_BLOCKS = YES;
				GCC_WARN_64_TO_32_BIT_CONVERSION = YES;
				GCC_WARN_ABOUT_RETURN_TYPE = YES_ERROR;
				GCC_WARN_UNDECLARED_SELECTOR = YES;
				GCC_WARN_UNINITIALIZED_AUTOS = YES_AGGRESSIVE;
				GCC_WARN_UNUSED_FUNCTION = YES;
				GCC_WARN_UNUSED_VARIABLE = YES;
				IPHONEOS_DEPLOYMENT_TARGET = 12.0;
				MTL_ENABLE_DEBUG_INFO = NO;
				MTL_FAST_MATH = YES;
				SDKROOT = iphoneos;
				SWIFT_COMPILATION_MODE = wholemodule;
				SWIFT_OPTIMIZATION_LEVEL = "-O";
				VALIDATE_PRODUCT = YES;
			};
			name = Release;
		};
		589F7A9F21769B7B00C08182 /* Debug */ = {
			isa = XCBuildConfiguration;
			baseConfigurationReference = 56ECF1F9DA7F38E4DC707728 /* Pods-VictoriaSApp.debug.xcconfig */;
			buildSettings = {
				ASSETCATALOG_COMPILER_APPICON_NAME = AppIcon;
				ASSETCATALOG_COMPILER_LAUNCHIMAGE_NAME = LaunchImage;
				CODE_SIGN_STYLE = Automatic;
				DEVELOPMENT_TEAM = JD44B74N6A;
				INFOPLIST_FILE = VictoriaSApp/Info.plist;
				LD_RUNPATH_SEARCH_PATHS = (
					"$(inherited)",
					"@executable_path/Frameworks",
				);
				PRODUCT_BUNDLE_IDENTIFIER = edu.uw.vicky37.VictoriaSApp;
				PRODUCT_NAME = "$(TARGET_NAME)";
				SWIFT_VERSION = 4.2;
				TARGETED_DEVICE_FAMILY = "1,2";
			};
			name = Debug;
		};
		589F7AA021769B7B00C08182 /* Release */ = {
			isa = XCBuildConfiguration;
			baseConfigurationReference = 9A08B8CFD00CF2587E1864E1 /* Pods-VictoriaSApp.release.xcconfig */;
			buildSettings = {
				ASSETCATALOG_COMPILER_APPICON_NAME = AppIcon;
				ASSETCATALOG_COMPILER_LAUNCHIMAGE_NAME = LaunchImage;
				CODE_SIGN_STYLE = Automatic;
				DEVELOPMENT_TEAM = JD44B74N6A;
				INFOPLIST_FILE = VictoriaSApp/Info.plist;
				LD_RUNPATH_SEARCH_PATHS = (
					"$(inherited)",
					"@executable_path/Frameworks",
				);
				PRODUCT_BUNDLE_IDENTIFIER = edu.uw.vicky37.VictoriaSApp;
				PRODUCT_NAME = "$(TARGET_NAME)";
				SWIFT_VERSION = 4.2;
				TARGETED_DEVICE_FAMILY = "1,2";
			};
			name = Release;
		};
/* End XCBuildConfiguration section */

/* Begin XCConfigurationList section */
		589F7A8721769B7600C08182 /* Build configuration list for PBXProject "VictoriaSApp" */ = {
			isa = XCConfigurationList;
			buildConfigurations = (
				589F7A9C21769B7B00C08182 /* Debug */,
				589F7A9D21769B7B00C08182 /* Release */,
			);
			defaultConfigurationIsVisible = 0;
			defaultConfigurationName = Release;
		};
		589F7A9E21769B7B00C08182 /* Build configuration list for PBXNativeTarget "VictoriaSApp" */ = {
			isa = XCConfigurationList;
			buildConfigurations = (
				589F7A9F21769B7B00C08182 /* Debug */,
				589F7AA021769B7B00C08182 /* Release */,
			);
			defaultConfigurationIsVisible = 0;
			defaultConfigurationName = Release;
		};
/* End XCConfigurationList section */
	};
	rootObject = 589F7A8421769B7600C08182 /* Project object */;
}
